Microsoft Visual Studio Solution File, Format Version 12.00
# Visual Studio 2012
Project("{2150E333-8FDC-42A3-9474-1A3956D46DE8}") = "(base)", "..\..\base", "{9785FB75-982A-5DE3-252D-3F288B9FEF5B}"
EndProject
Project("{2150E333-8FDC-42A3-9474-1A3956D46DE8}") = "(ipc)", "..\..\ipc", "{6E739A16-1324-5F4E-B3DD-D8BBDA9938E5}"
EndProject
Project("{2150E333-8FDC-42A3-9474-1A3956D46DE8}") = "(native_client)", "..\..\native_client", "{829C43DA-1372-614D-F044-340432AECC41}"
EndProject
Project("{8BC9CEB8-8B4A-11D0-8D11-00A0C91BC942}") = "base_untrusted", "..\base\base_untrusted.vcxproj", "{623059D6-A478-6550-A69E-2B077E84D356}"
	ProjectSection(ProjectDependencies) = postProject
		{CBB0C5F2-BC83-5E24-219D-454A4FF7CEF1} = {CBB0C5F2-BC83-5E24-219D-454A4FF7CEF1}
	EndProjectSection
EndProject
Project("{8BC9CEB8-8B4A-11D0-8D11-00A0C91BC942}") = "crt_fini_32", "..\native_client\crt_fini_32.vcxproj", "{E8203340-471E-30F7-EF4C-0EA5ACC090A3}"
	ProjectSection(ProjectDependencies) = postProject
		{178A6E5A-AA35-1405-7F23-4C6DCA4E2C0F} = {178A6E5A-AA35-1405-7F23-4C6DCA4E2C0F}
		{E15415CB-1C1F-D8A1-AB2B-A8D3A53A97C7} = {E15415CB-1C1F-D8A1-AB2B-A8D3A53A97C7}
	EndProjectSection
EndProject
Project("{8BC9CEB8-8B4A-11D0-8D11-00A0C91BC942}") = "crt_fini_64", "..\native_client\crt_fini_64.vcxproj", "{E80DFAC4-B540-2394-E6ED-4542A9D933C6}"
	ProjectSection(ProjectDependencies) = postProject
		{178A6E5A-AA35-1405-7F23-4C6DCA4E2C0F} = {178A6E5A-AA35-1405-7F23-4C6DCA4E2C0F}
		{E15415CB-1C1F-D8A1-AB2B-A8D3A53A97C7} = {E15415CB-1C1F-D8A1-AB2B-A8D3A53A97C7}
	EndProjectSection
EndProject
Project("{8BC9CEB8-8B4A-11D0-8D11-00A0C91BC942}") = "crt_init_32", "..\native_client\crt_init_32.vcxproj", "{A3FD7FE3-ED54-F7EF-5648-988D5C56C6E7}"
	ProjectSection(ProjectDependencies) = postProject
		{178A6E5A-AA35-1405-7F23-4C6DCA4E2C0F} = {178A6E5A-AA35-1405-7F23-4C6DCA4E2C0F}
		{E15415CB-1C1F-D8A1-AB2B-A8D3A53A97C7} = {E15415CB-1C1F-D8A1-AB2B-A8D3A53A97C7}
	EndProjectSection
EndProject
Project("{8BC9CEB8-8B4A-11D0-8D11-00A0C91BC942}") = "crt_init_64", "..\native_client\crt_init_64.vcxproj", "{84FAD43F-A943-E40C-BF34-9597A9E5FDD6}"
	ProjectSection(ProjectDependencies) = postProject
		{178A6E5A-AA35-1405-7F23-4C6DCA4E2C0F} = {178A6E5A-AA35-1405-7F23-4C6DCA4E2C0F}
		{E15415CB-1C1F-D8A1-AB2B-A8D3A53A97C7} = {E15415CB-1C1F-D8A1-AB2B-A8D3A53A97C7}
	EndProjectSection
EndProject
Project("{8BC9CEB8-8B4A-11D0-8D11-00A0C91BC942}") = "ipc_untrusted", "ipc_untrusted.vcxproj", "{9997B1F5-6AFD-2A17-9740-BFA6AF9E7933}"
	ProjectSection(ProjectDependencies) = postProject
		{CBB0C5F2-BC83-5E24-219D-454A4FF7CEF1} = {CBB0C5F2-BC83-5E24-219D-454A4FF7CEF1}
		{623059D6-A478-6550-A69E-2B077E84D356} = {623059D6-A478-6550-A69E-2B077E84D356}
	EndProjectSection
EndProject
Project("{8BC9CEB8-8B4A-11D0-8D11-00A0C91BC942}") = "prep_nacl_sdk", "..\native_client\prep_nacl_sdk.vcxproj", "{E15415CB-1C1F-D8A1-AB2B-A8D3A53A97C7}"
	ProjectSection(ProjectDependencies) = postProject
		{178A6E5A-AA35-1405-7F23-4C6DCA4E2C0F} = {178A6E5A-AA35-1405-7F23-4C6DCA4E2C0F}
	EndProjectSection
EndProject
Project("{8BC9CEB8-8B4A-11D0-8D11-00A0C91BC942}") = "prep_toolchain", "..\native_client\prep_toolchain.vcxproj", "{CBB0C5F2-BC83-5E24-219D-454A4FF7CEF1}"
	ProjectSection(ProjectDependencies) = postProject
		{178A6E5A-AA35-1405-7F23-4C6DCA4E2C0F} = {178A6E5A-AA35-1405-7F23-4C6DCA4E2C0F}
		{E15415CB-1C1F-D8A1-AB2B-A8D3A53A97C7} = {E15415CB-1C1F-D8A1-AB2B-A8D3A53A97C7}
		{A3FD7FE3-ED54-F7EF-5648-988D5C56C6E7} = {A3FD7FE3-ED54-F7EF-5648-988D5C56C6E7}
		{E8203340-471E-30F7-EF4C-0EA5ACC090A3} = {E8203340-471E-30F7-EF4C-0EA5ACC090A3}
		{84FAD43F-A943-E40C-BF34-9597A9E5FDD6} = {84FAD43F-A943-E40C-BF34-9597A9E5FDD6}
		{E80DFAC4-B540-2394-E6ED-4542A9D933C6} = {E80DFAC4-B540-2394-E6ED-4542A9D933C6}
	EndProjectSection
EndProject
Project("{8BC9CEB8-8B4A-11D0-8D11-00A0C91BC942}") = "untar_toolchains", "..\native_client\untar_toolchains.vcxproj", "{178A6E5A-AA35-1405-7F23-4C6DCA4E2C0F}"
EndProject
Global
	GlobalSection(SolutionConfigurationPlatforms) = preSolution
		Release|x64 = Release|x64
		Debug|Win32 = Debug|Win32
		Debug|x64 = Debug|x64
		Release|Win32 = Release|Win32
	EndGlobalSection
	GlobalSection(ProjectConfigurationPlatforms) = postSolution
		{178A6E5A-AA35-1405-7F23-4C6DCA4E2C0F}.Release|x64.ActiveCfg = Release|x64
		{178A6E5A-AA35-1405-7F23-4C6DCA4E2C0F}.Release|x64.Build.0 = Release|x64
		{178A6E5A-AA35-1405-7F23-4C6DCA4E2C0F}.Debug|Win32.ActiveCfg = Debug|Win32
		{178A6E5A-AA35-1405-7F23-4C6DCA4E2C0F}.Debug|Win32.Build.0 = Debug|Win32
		{178A6E5A-AA35-1405-7F23-4C6DCA4E2C0F}.Debug|x64.ActiveCfg = Debug|x64
		{178A6E5A-AA35-1405-7F23-4C6DCA4E2C0F}.Debug|x64.Build.0 = Debug|x64
		{178A6E5A-AA35-1405-7F23-4C6DCA4E2C0F}.Release|Win32.ActiveCfg = Release|Win32
		{178A6E5A-AA35-1405-7F23-4C6DCA4E2C0F}.Release|Win32.Build.0 = Release|Win32
		{623059D6-A478-6550-A69E-2B077E84D356}.Release|x64.ActiveCfg = Release|x64
		{623059D6-A478-6550-A69E-2B077E84D356}.Release|x64.Build.0 = Release|x64
		{623059D6-A478-6550-A69E-2B077E84D356}.Debug|Win32.ActiveCfg = Debug|Win32
		{623059D6-A478-6550-A69E-2B077E84D356}.Debug|Win32.Build.0 = Debug|Win32
		{623059D6-A478-6550-A69E-2B077E84D356}.Debug|x64.ActiveCfg = Debug|x64
		{623059D6-A478-6550-A69E-2B077E84D356}.Debug|x64.Build.0 = Debug|x64
		{623059D6-A478-6550-A69E-2B077E84D356}.Release|Win32.ActiveCfg = Release|Win32
		{623059D6-A478-6550-A69E-2B077E84D356}.Release|Win32.Build.0 = Release|Win32
		{84FAD43F-A943-E40C-BF34-9597A9E5FDD6}.Release|x64.ActiveCfg = Release|x64
		{84FAD43F-A943-E40C-BF34-9597A9E5FDD6}.Release|x64.Build.0 = Release|x64
		{84FAD43F-A943-E40C-BF34-9597A9E5FDD6}.Debug|Win32.ActiveCfg = Debug|Win32
		{84FAD43F-A943-E40C-BF34-9597A9E5FDD6}.Debug|Win32.Build.0 = Debug|Win32
		{84FAD43F-A943-E40C-BF34-9597A9E5FDD6}.Debug|x64.ActiveCfg = Debug|x64
		{84FAD43F-A943-E40C-BF34-9597A9E5FDD6}.Debug|x64.Build.0 = Debug|x64
		{84FAD43F-A943-E40C-BF34-9597A9E5FDD6}.Release|Win32.ActiveCfg = Release|Win32
		{84FAD43F-A943-E40C-BF34-9597A9E5FDD6}.Release|Win32.Build.0 = Release|Win32
		{9997B1F5-6AFD-2A17-9740-BFA6AF9E7933}.Release|x64.ActiveCfg = Release|x64
		{9997B1F5-6AFD-2A17-9740-BFA6AF9E7933}.Release|x64.Build.0 = Release|x64
		{9997B1F5-6AFD-2A17-9740-BFA6AF9E7933}.Debug|Win32.ActiveCfg = Debug|Win32
		{9997B1F5-6AFD-2A17-9740-BFA6AF9E7933}.Debug|Win32.Build.0 = Debug|Win32
		{9997B1F5-6AFD-2A17-9740-BFA6AF9E7933}.Debug|x64.ActiveCfg = Debug|x64
		{9997B1F5-6AFD-2A17-9740-BFA6AF9E7933}.Debug|x64.Build.0 = Debug|x64
		{9997B1F5-6AFD-2A17-9740-BFA6AF9E7933}.Release|Win32.ActiveCfg = Release|Win32
		{9997B1F5-6AFD-2A17-9740-BFA6AF9E7933}.Release|Win32.Build.0 = Release|Win32
		{A3FD7FE3-ED54-F7EF-5648-988D5C56C6E7}.Release|x64.ActiveCfg = Release|x64
		{A3FD7FE3-ED54-F7EF-5648-988D5C56C6E7}.Release|x64.Build.0 = Release|x64
		{A3FD7FE3-ED54-F7EF-5648-988D5C56C6E7}.Debug|Win32.ActiveCfg = Debug|Win32
		{A3FD7FE3-ED54-F7EF-5648-988D5C56C6E7}.Debug|Win32.Build.0 = Debug|Win32
		{A3FD7FE3-ED54-F7EF-5648-988D5C56C6E7}.Debug|x64.ActiveCfg = Debug|x64
		{A3FD7FE3-ED54-F7EF-5648-988D5C56C6E7}.Debug|x64.Build.0 = Debug|x64
		{A3FD7FE3-ED54-F7EF-5648-988D5C56C6E7}.Release|Win32.ActiveCfg = Release|Win32
		{A3FD7FE3-ED54-F7EF-5648-988D5C56C6E7}.Release|Win32.Build.0 = Release|Win32
		{CBB0C5F2-BC83-5E24-219D-454A4FF7CEF1}.Release|x64.ActiveCfg = Release|x64
		{CBB0C5F2-BC83-5E24-219D-454A4FF7CEF1}.Release|x64.Build.0 = Release|x64
		{CBB0C5F2-BC83-5E24-219D-454A4FF7CEF1}.Debug|Win32.ActiveCfg = Debug|Win32
		{CBB0C5F2-BC83-5E24-219D-454A4FF7CEF1}.Debug|Win32.Build.0 = Debug|Win32
		{CBB0C5F2-BC83-5E24-219D-454A4FF7CEF1}.Debug|x64.ActiveCfg = Debug|x64
		{CBB0C5F2-BC83-5E24-219D-454A4FF7CEF1}.Debug|x64.Build.0 = Debug|x64
		{CBB0C5F2-BC83-5E24-219D-454A4FF7CEF1}.Release|Win32.ActiveCfg = Release|Win32
		{CBB0C5F2-BC83-5E24-219D-454A4FF7CEF1}.Release|Win32.Build.0 = Release|Win32
		{E15415CB-1C1F-D8A1-AB2B-A8D3A53A97C7}.Release|x64.ActiveCfg = Release|x64
		{E15415CB-1C1F-D8A1-AB2B-A8D3A53A97C7}.Release|x64.Build.0 = Release|x64
		{E15415CB-1C1F-D8A1-AB2B-A8D3A53A97C7}.Debug|Win32.ActiveCfg = Debug|Win32
		{E15415CB-1C1F-D8A1-AB2B-A8D3A53A97C7}.Debug|Win32.Build.0 = Debug|Win32
		{E15415CB-1C1F-D8A1-AB2B-A8D3A53A97C7}.Debug|x64.ActiveCfg = Debug|x64
		{E15415CB-1C1F-D8A1-AB2B-A8D3A53A97C7}.Debug|x64.Build.0 = Debug|x64
		{E15415CB-1C1F-D8A1-AB2B-A8D3A53A97C7}.Release|Win32.ActiveCfg = Release|Win32
		{E15415CB-1C1F-D8A1-AB2B-A8D3A53A97C7}.Release|Win32.Build.0 = Release|Win32
		{E80DFAC4-B540-2394-E6ED-4542A9D933C6}.Release|x64.ActiveCfg = Release|x64
		{E80DFAC4-B540-2394-E6ED-4542A9D933C6}.Release|x64.Build.0 = Release|x64
		{E80DFAC4-B540-2394-E6ED-4542A9D933C6}.Debug|Win32.ActiveCfg = Debug|Win32
		{E80DFAC4-B540-2394-E6ED-4542A9D933C6}.Debug|Win32.Build.0 = Debug|Win32
		{E80DFAC4-B540-2394-E6ED-4542A9D933C6}.Debug|x64.ActiveCfg = Debug|x64
		{E80DFAC4-B540-2394-E6ED-4542A9D933C6}.Debug|x64.Build.0 = Debug|x64
		{E80DFAC4-B540-2394-E6ED-4542A9D933C6}.Release|Win32.ActiveCfg = Release|Win32
		{E80DFAC4-B540-2394-E6ED-4542A9D933C6}.Release|Win32.Build.0 = Release|Win32
		{E8203340-471E-30F7-EF4C-0EA5ACC090A3}.Release|x64.ActiveCfg = Release|x64
		{E8203340-471E-30F7-EF4C-0EA5ACC090A3}.Release|x64.Build.0 = Release|x64
		{E8203340-471E-30F7-EF4C-0EA5ACC090A3}.Debug|Win32.ActiveCfg = Debug|Win32
		{E8203340-471E-30F7-EF4C-0EA5ACC090A3}.Debug|Win32.Build.0 = Debug|Win32
		{E8203340-471E-30F7-EF4C-0EA5ACC090A3}.Debug|x64.ActiveCfg = Debug|x64
		{E8203340-471E-30F7-EF4C-0EA5ACC090A3}.Debug|x64.Build.0 = Debug|x64
		{E8203340-471E-30F7-EF4C-0EA5ACC090A3}.Release|Win32.ActiveCfg = Release|Win32
		{E8203340-471E-30F7-EF4C-0EA5ACC090A3}.Release|Win32.Build.0 = Release|Win32
	EndGlobalSection
	GlobalSection(SolutionProperties) = preSolution
		HideSolutionNode = FALSE
	EndGlobalSection
	GlobalSection(NestedProjects) = preSolution
		{623059D6-A478-6550-A69E-2B077E84D356} = {9785FB75-982A-5DE3-252D-3F288B9FEF5B}
		{9997B1F5-6AFD-2A17-9740-BFA6AF9E7933} = {6E739A16-1324-5F4E-B3DD-D8BBDA9938E5}
		{E8203340-471E-30F7-EF4C-0EA5ACC090A3} = {829C43DA-1372-614D-F044-340432AECC41}
		{E80DFAC4-B540-2394-E6ED-4542A9D933C6} = {829C43DA-1372-614D-F044-340432AECC41}
		{A3FD7FE3-ED54-F7EF-5648-988D5C56C6E7} = {829C43DA-1372-614D-F044-340432AECC41}
		{84FAD43F-A943-E40C-BF34-9597A9E5FDD6} = {829C43DA-1372-614D-F044-340432AECC41}
		{E15415CB-1C1F-D8A1-AB2B-A8D3A53A97C7} = {829C43DA-1372-614D-F044-340432AECC41}
		{CBB0C5F2-BC83-5E24-219D-454A4FF7CEF1} = {829C43DA-1372-614D-F044-340432AECC41}
		{178A6E5A-AA35-1405-7F23-4C6DCA4E2C0F} = {829C43DA-1372-614D-F044-340432AECC41}
	EndGlobalSection
EndGlobal
