Microsoft Visual Studio Solution File, Format Version 12.00
# Visual Studio 2012
Project("{2150E333-8FDC-42A3-9474-1A3956D46DE8}") = "(allocator)", "..\..\..\base\allocator", "{6478B9F3-4858-63F4-35F4-98A303E305F3}"
EndProject
Project("{2150E333-8FDC-42A3-9474-1A3956D46DE8}") = "(base)", "..\..\..\base", "{9785FB75-982A-5DE3-252D-3F288B9FEF5B}"
EndProject
Project("{2150E333-8FDC-42A3-9474-1A3956D46DE8}") = "(testing)", "..\..\..\testing", "{EAC80D00-01D2-3F49-A377-20B7154947F3}"
EndProject
Project("{2150E333-8FDC-42A3-9474-1A3956D46DE8}") = "(third_party)", "..\..\..\base\third_party", "{3E7FA5AF-27B3-2DE0-883C-12F98E7F4E81}"
EndProject
Project("{2150E333-8FDC-42A3-9474-1A3956D46DE8}") = "(third_party)", "..\..\..\third_party", "{89C816A7-DD31-D54C-C69C-5A80E0C49B77}"
EndProject
Project("{8BC9CEB8-8B4A-11D0-8D11-00A0C91BC942}") = "allocator", "allocator.vcxproj", "{6409E4AD-0B70-6CBF-F4F8-9518C6C906C0}"
	ProjectSection(ProjectDependencies) = postProject
		{CE570809-728E-6B92-D208-9B72561B63F0} = {CE570809-728E-6B92-D208-9B72561B63F0}
	EndProjectSection
EndProject
Project("{8BC9CEB8-8B4A-11D0-8D11-00A0C91BC942}") = "allocator_extension_thunks", "allocator_extension_thunks.vcxproj", "{B67B69F9-17FA-6747-7459-6F9BCAE280FA}"
EndProject
Project("{8BC9CEB8-8B4A-11D0-8D11-00A0C91BC942}") = "allocator_extension_thunks_win64", "allocator_extension_thunks_win64.vcxproj", "{21382841-3F6F-0D86-911F-C24530DC4EF5}"
EndProject
Project("{8BC9CEB8-8B4A-11D0-8D11-00A0C91BC942}") = "allocator_unittests", "allocator_unittests.vcxproj", "{8D044132-3BB5-8704-0C68-AAA3EA6C380D}"
	ProjectSection(ProjectDependencies) = postProject
		{6409E4AD-0B70-6CBF-F4F8-9518C6C906C0} = {6409E4AD-0B70-6CBF-F4F8-9518C6C906C0}
		{B67B69F9-17FA-6747-7459-6F9BCAE280FA} = {B67B69F9-17FA-6747-7459-6F9BCAE280FA}
		{CA21C226-303F-8472-03F2-CCD138BACDF5} = {CA21C226-303F-8472-03F2-CCD138BACDF5}
		{5592193D-3300-18EC-CFAD-2300E9BFA2E3} = {5592193D-3300-18EC-CFAD-2300E9BFA2E3}
		{CE570809-728E-6B92-D208-9B72561B63F0} = {CE570809-728E-6B92-D208-9B72561B63F0}
		{0BEBF00E-6F2F-0719-E9FB-41B6CCECFF0B} = {0BEBF00E-6F2F-0719-E9FB-41B6CCECFF0B}
	EndProjectSection
EndProject
Project("{8BC9CEB8-8B4A-11D0-8D11-00A0C91BC942}") = "base", "..\base.vcxproj", "{69B05207-75EA-D61A-6CD3-39545C0FF3B8}"
	ProjectSection(ProjectDependencies) = postProject
		{0BEBF00E-6F2F-0719-E9FB-41B6CCECFF0B} = {0BEBF00E-6F2F-0719-E9FB-41B6CCECFF0B}
	EndProjectSection
EndProject
Project("{8BC9CEB8-8B4A-11D0-8D11-00A0C91BC942}") = "base_static", "..\base_static.vcxproj", "{4396B3F2-18E0-E8C2-DFCE-36B1B085777D}"
EndProject
Project("{8BC9CEB8-8B4A-11D0-8D11-00A0C91BC942}") = "dynamic_annotations", "..\third_party\dynamic_annotations\dynamic_annotations.vcxproj", "{5592193D-3300-18EC-CFAD-2300E9BFA2E3}"
EndProject
Project("{8BC9CEB8-8B4A-11D0-8D11-00A0C91BC942}") = "gtest", "..\..\testing\gtest.vcxproj", "{CA21C226-303F-8472-03F2-CCD138BACDF5}"
	ProjectSection(ProjectDependencies) = postProject
		{0BEBF00E-6F2F-0719-E9FB-41B6CCECFF0B} = {0BEBF00E-6F2F-0719-E9FB-41B6CCECFF0B}
	EndProjectSection
EndProject
Project("{8BC9CEB8-8B4A-11D0-8D11-00A0C91BC942}") = "gtest_prod", "..\..\testing\gtest_prod.vcxproj", "{0BEBF00E-6F2F-0719-E9FB-41B6CCECFF0B}"
EndProject
Project("{8BC9CEB8-8B4A-11D0-8D11-00A0C91BC942}") = "libcmt", "libcmt.vcxproj", "{CE570809-728E-6B92-D208-9B72561B63F0}"
EndProject
Project("{8BC9CEB8-8B4A-11D0-8D11-00A0C91BC942}") = "modp_b64", "..\..\third_party\modp_b64\modp_b64.vcxproj", "{8C8D3F4C-F166-ADD3-9EE8-E7D1B3C5588F}"
EndProject
Project("{8BC9CEB8-8B4A-11D0-8D11-00A0C91BC942}") = "tcmalloc_unittest", "tcmalloc_unittest.vcxproj", "{05B40FDB-D79C-276B-2A41-4915E70C610C}"
	ProjectSection(ProjectDependencies) = postProject
		{CA21C226-303F-8472-03F2-CCD138BACDF5} = {CA21C226-303F-8472-03F2-CCD138BACDF5}
		{69B05207-75EA-D61A-6CD3-39545C0FF3B8} = {69B05207-75EA-D61A-6CD3-39545C0FF3B8}
		{6409E4AD-0B70-6CBF-F4F8-9518C6C906C0} = {6409E4AD-0B70-6CBF-F4F8-9518C6C906C0}
		{0BEBF00E-6F2F-0719-E9FB-41B6CCECFF0B} = {0BEBF00E-6F2F-0719-E9FB-41B6CCECFF0B}
		{4396B3F2-18E0-E8C2-DFCE-36B1B085777D} = {4396B3F2-18E0-E8C2-DFCE-36B1B085777D}
		{B67B69F9-17FA-6747-7459-6F9BCAE280FA} = {B67B69F9-17FA-6747-7459-6F9BCAE280FA}
		{8C8D3F4C-F166-ADD3-9EE8-E7D1B3C5588F} = {8C8D3F4C-F166-ADD3-9EE8-E7D1B3C5588F}
		{5592193D-3300-18EC-CFAD-2300E9BFA2E3} = {5592193D-3300-18EC-CFAD-2300E9BFA2E3}
		{CE570809-728E-6B92-D208-9B72561B63F0} = {CE570809-728E-6B92-D208-9B72561B63F0}
	EndProjectSection
EndProject
Global
	GlobalSection(SolutionConfigurationPlatforms) = preSolution
		Release|x64 = Release|x64
		Debug|Win32 = Debug|Win32
		Debug|x64 = Debug|x64
		Release|Win32 = Release|Win32
	EndGlobalSection
	GlobalSection(ProjectConfigurationPlatforms) = postSolution
		{05B40FDB-D79C-276B-2A41-4915E70C610C}.Release|x64.ActiveCfg = Release|x64
		{05B40FDB-D79C-276B-2A41-4915E70C610C}.Release|x64.Build.0 = Release|x64
		{05B40FDB-D79C-276B-2A41-4915E70C610C}.Debug|Win32.ActiveCfg = Debug|Win32
		{05B40FDB-D79C-276B-2A41-4915E70C610C}.Debug|Win32.Build.0 = Debug|Win32
		{05B40FDB-D79C-276B-2A41-4915E70C610C}.Debug|x64.ActiveCfg = Debug|x64
		{05B40FDB-D79C-276B-2A41-4915E70C610C}.Debug|x64.Build.0 = Debug|x64
		{05B40FDB-D79C-276B-2A41-4915E70C610C}.Release|Win32.ActiveCfg = Release|Win32
		{05B40FDB-D79C-276B-2A41-4915E70C610C}.Release|Win32.Build.0 = Release|Win32
		{0BEBF00E-6F2F-0719-E9FB-41B6CCECFF0B}.Release|x64.ActiveCfg = Release|x64
		{0BEBF00E-6F2F-0719-E9FB-41B6CCECFF0B}.Release|x64.Build.0 = Release|x64
		{0BEBF00E-6F2F-0719-E9FB-41B6CCECFF0B}.Debug|Win32.ActiveCfg = Debug|Win32
		{0BEBF00E-6F2F-0719-E9FB-41B6CCECFF0B}.Debug|Win32.Build.0 = Debug|Win32
		{0BEBF00E-6F2F-0719-E9FB-41B6CCECFF0B}.Debug|x64.ActiveCfg = Debug|x64
		{0BEBF00E-6F2F-0719-E9FB-41B6CCECFF0B}.Debug|x64.Build.0 = Debug|x64
		{0BEBF00E-6F2F-0719-E9FB-41B6CCECFF0B}.Release|Win32.ActiveCfg = Release|Win32
		{0BEBF00E-6F2F-0719-E9FB-41B6CCECFF0B}.Release|Win32.Build.0 = Release|Win32
		{21382841-3F6F-0D86-911F-C24530DC4EF5}.Release|x64.ActiveCfg = Release|x64
		{21382841-3F6F-0D86-911F-C24530DC4EF5}.Release|x64.Build.0 = Release|x64
		{21382841-3F6F-0D86-911F-C24530DC4EF5}.Debug|Win32.ActiveCfg = Debug|x64
		{21382841-3F6F-0D86-911F-C24530DC4EF5}.Debug|Win32.Build.0 = Debug|x64
		{21382841-3F6F-0D86-911F-C24530DC4EF5}.Debug|x64.ActiveCfg = Debug|x64
		{21382841-3F6F-0D86-911F-C24530DC4EF5}.Debug|x64.Build.0 = Debug|x64
		{21382841-3F6F-0D86-911F-C24530DC4EF5}.Release|Win32.ActiveCfg = Release|x64
		{21382841-3F6F-0D86-911F-C24530DC4EF5}.Release|Win32.Build.0 = Release|x64
		{4396B3F2-18E0-E8C2-DFCE-36B1B085777D}.Release|x64.ActiveCfg = Release|x64
		{4396B3F2-18E0-E8C2-DFCE-36B1B085777D}.Release|x64.Build.0 = Release|x64
		{4396B3F2-18E0-E8C2-DFCE-36B1B085777D}.Debug|Win32.ActiveCfg = Debug|Win32
		{4396B3F2-18E0-E8C2-DFCE-36B1B085777D}.Debug|Win32.Build.0 = Debug|Win32
		{4396B3F2-18E0-E8C2-DFCE-36B1B085777D}.Debug|x64.ActiveCfg = Debug|x64
		{4396B3F2-18E0-E8C2-DFCE-36B1B085777D}.Debug|x64.Build.0 = Debug|x64
		{4396B3F2-18E0-E8C2-DFCE-36B1B085777D}.Release|Win32.ActiveCfg = Release|Win32
		{4396B3F2-18E0-E8C2-DFCE-36B1B085777D}.Release|Win32.Build.0 = Release|Win32
		{5592193D-3300-18EC-CFAD-2300E9BFA2E3}.Release|x64.ActiveCfg = Release|x64
		{5592193D-3300-18EC-CFAD-2300E9BFA2E3}.Release|x64.Build.0 = Release|x64
		{5592193D-3300-18EC-CFAD-2300E9BFA2E3}.Debug|Win32.ActiveCfg = Debug|Win32
		{5592193D-3300-18EC-CFAD-2300E9BFA2E3}.Debug|Win32.Build.0 = Debug|Win32
		{5592193D-3300-18EC-CFAD-2300E9BFA2E3}.Debug|x64.ActiveCfg = Debug|x64
		{5592193D-3300-18EC-CFAD-2300E9BFA2E3}.Debug|x64.Build.0 = Debug|x64
		{5592193D-3300-18EC-CFAD-2300E9BFA2E3}.Release|Win32.ActiveCfg = Release|Win32
		{5592193D-3300-18EC-CFAD-2300E9BFA2E3}.Release|Win32.Build.0 = Release|Win32
		{6409E4AD-0B70-6CBF-F4F8-9518C6C906C0}.Release|x64.ActiveCfg = Release|x64
		{6409E4AD-0B70-6CBF-F4F8-9518C6C906C0}.Release|x64.Build.0 = Release|x64
		{6409E4AD-0B70-6CBF-F4F8-9518C6C906C0}.Debug|Win32.ActiveCfg = Debug|Win32
		{6409E4AD-0B70-6CBF-F4F8-9518C6C906C0}.Debug|Win32.Build.0 = Debug|Win32
		{6409E4AD-0B70-6CBF-F4F8-9518C6C906C0}.Debug|x64.ActiveCfg = Debug|x64
		{6409E4AD-0B70-6CBF-F4F8-9518C6C906C0}.Debug|x64.Build.0 = Debug|x64
		{6409E4AD-0B70-6CBF-F4F8-9518C6C906C0}.Release|Win32.ActiveCfg = Release|Win32
		{6409E4AD-0B70-6CBF-F4F8-9518C6C906C0}.Release|Win32.Build.0 = Release|Win32
		{69B05207-75EA-D61A-6CD3-39545C0FF3B8}.Release|x64.ActiveCfg = Release|x64
		{69B05207-75EA-D61A-6CD3-39545C0FF3B8}.Release|x64.Build.0 = Release|x64
		{69B05207-75EA-D61A-6CD3-39545C0FF3B8}.Debug|Win32.ActiveCfg = Debug|Win32
		{69B05207-75EA-D61A-6CD3-39545C0FF3B8}.Debug|Win32.Build.0 = Debug|Win32
		{69B05207-75EA-D61A-6CD3-39545C0FF3B8}.Debug|x64.ActiveCfg = Debug|x64
		{69B05207-75EA-D61A-6CD3-39545C0FF3B8}.Debug|x64.Build.0 = Debug|x64
		{69B05207-75EA-D61A-6CD3-39545C0FF3B8}.Release|Win32.ActiveCfg = Release|Win32
		{69B05207-75EA-D61A-6CD3-39545C0FF3B8}.Release|Win32.Build.0 = Release|Win32
		{8C8D3F4C-F166-ADD3-9EE8-E7D1B3C5588F}.Release|x64.ActiveCfg = Release|x64
		{8C8D3F4C-F166-ADD3-9EE8-E7D1B3C5588F}.Release|x64.Build.0 = Release|x64
		{8C8D3F4C-F166-ADD3-9EE8-E7D1B3C5588F}.Debug|Win32.ActiveCfg = Debug|Win32
		{8C8D3F4C-F166-ADD3-9EE8-E7D1B3C5588F}.Debug|Win32.Build.0 = Debug|Win32
		{8C8D3F4C-F166-ADD3-9EE8-E7D1B3C5588F}.Debug|x64.ActiveCfg = Debug|x64
		{8C8D3F4C-F166-ADD3-9EE8-E7D1B3C5588F}.Debug|x64.Build.0 = Debug|x64
		{8C8D3F4C-F166-ADD3-9EE8-E7D1B3C5588F}.Release|Win32.ActiveCfg = Release|Win32
		{8C8D3F4C-F166-ADD3-9EE8-E7D1B3C5588F}.Release|Win32.Build.0 = Release|Win32
		{8D044132-3BB5-8704-0C68-AAA3EA6C380D}.Release|x64.ActiveCfg = Release|x64
		{8D044132-3BB5-8704-0C68-AAA3EA6C380D}.Release|x64.Build.0 = Release|x64
		{8D044132-3BB5-8704-0C68-AAA3EA6C380D}.Debug|Win32.ActiveCfg = Debug|Win32
		{8D044132-3BB5-8704-0C68-AAA3EA6C380D}.Debug|Win32.Build.0 = Debug|Win32
		{8D044132-3BB5-8704-0C68-AAA3EA6C380D}.Debug|x64.ActiveCfg = Debug|x64
		{8D044132-3BB5-8704-0C68-AAA3EA6C380D}.Debug|x64.Build.0 = Debug|x64
		{8D044132-3BB5-8704-0C68-AAA3EA6C380D}.Release|Win32.ActiveCfg = Release|Win32
		{8D044132-3BB5-8704-0C68-AAA3EA6C380D}.Release|Win32.Build.0 = Release|Win32
		{B67B69F9-17FA-6747-7459-6F9BCAE280FA}.Release|x64.ActiveCfg = Release|x64
		{B67B69F9-17FA-6747-7459-6F9BCAE280FA}.Release|x64.Build.0 = Release|x64
		{B67B69F9-17FA-6747-7459-6F9BCAE280FA}.Debug|Win32.ActiveCfg = Debug|Win32
		{B67B69F9-17FA-6747-7459-6F9BCAE280FA}.Debug|Win32.Build.0 = Debug|Win32
		{B67B69F9-17FA-6747-7459-6F9BCAE280FA}.Debug|x64.ActiveCfg = Debug|x64
		{B67B69F9-17FA-6747-7459-6F9BCAE280FA}.Debug|x64.Build.0 = Debug|x64
		{B67B69F9-17FA-6747-7459-6F9BCAE280FA}.Release|Win32.ActiveCfg = Release|Win32
		{B67B69F9-17FA-6747-7459-6F9BCAE280FA}.Release|Win32.Build.0 = Release|Win32
		{CA21C226-303F-8472-03F2-CCD138BACDF5}.Release|x64.ActiveCfg = Release|x64
		{CA21C226-303F-8472-03F2-CCD138BACDF5}.Release|x64.Build.0 = Release|x64
		{CA21C226-303F-8472-03F2-CCD138BACDF5}.Debug|Win32.ActiveCfg = Debug|Win32
		{CA21C226-303F-8472-03F2-CCD138BACDF5}.Debug|Win32.Build.0 = Debug|Win32
		{CA21C226-303F-8472-03F2-CCD138BACDF5}.Debug|x64.ActiveCfg = Debug|x64
		{CA21C226-303F-8472-03F2-CCD138BACDF5}.Debug|x64.Build.0 = Debug|x64
		{CA21C226-303F-8472-03F2-CCD138BACDF5}.Release|Win32.ActiveCfg = Release|Win32
		{CA21C226-303F-8472-03F2-CCD138BACDF5}.Release|Win32.Build.0 = Release|Win32
		{CE570809-728E-6B92-D208-9B72561B63F0}.Release|x64.ActiveCfg = Release|x64
		{CE570809-728E-6B92-D208-9B72561B63F0}.Release|x64.Build.0 = Release|x64
		{CE570809-728E-6B92-D208-9B72561B63F0}.Debug|Win32.ActiveCfg = Debug|Win32
		{CE570809-728E-6B92-D208-9B72561B63F0}.Debug|Win32.Build.0 = Debug|Win32
		{CE570809-728E-6B92-D208-9B72561B63F0}.Debug|x64.ActiveCfg = Debug|x64
		{CE570809-728E-6B92-D208-9B72561B63F0}.Debug|x64.Build.0 = Debug|x64
		{CE570809-728E-6B92-D208-9B72561B63F0}.Release|Win32.ActiveCfg = Release|Win32
		{CE570809-728E-6B92-D208-9B72561B63F0}.Release|Win32.Build.0 = Release|Win32
	EndGlobalSection
	GlobalSection(SolutionProperties) = preSolution
		HideSolutionNode = FALSE
	EndGlobalSection
	GlobalSection(NestedProjects) = preSolution
		{6409E4AD-0B70-6CBF-F4F8-9518C6C906C0} = {6478B9F3-4858-63F4-35F4-98A303E305F3}
		{B67B69F9-17FA-6747-7459-6F9BCAE280FA} = {6478B9F3-4858-63F4-35F4-98A303E305F3}
		{21382841-3F6F-0D86-911F-C24530DC4EF5} = {6478B9F3-4858-63F4-35F4-98A303E305F3}
		{8D044132-3BB5-8704-0C68-AAA3EA6C380D} = {6478B9F3-4858-63F4-35F4-98A303E305F3}
		{CE570809-728E-6B92-D208-9B72561B63F0} = {6478B9F3-4858-63F4-35F4-98A303E305F3}
		{05B40FDB-D79C-276B-2A41-4915E70C610C} = {6478B9F3-4858-63F4-35F4-98A303E305F3}
		{6478B9F3-4858-63F4-35F4-98A303E305F3} = {9785FB75-982A-5DE3-252D-3F288B9FEF5B}
		{3E7FA5AF-27B3-2DE0-883C-12F98E7F4E81} = {9785FB75-982A-5DE3-252D-3F288B9FEF5B}
		{69B05207-75EA-D61A-6CD3-39545C0FF3B8} = {9785FB75-982A-5DE3-252D-3F288B9FEF5B}
		{4396B3F2-18E0-E8C2-DFCE-36B1B085777D} = {9785FB75-982A-5DE3-252D-3F288B9FEF5B}
		{CA21C226-303F-8472-03F2-CCD138BACDF5} = {EAC80D00-01D2-3F49-A377-20B7154947F3}
		{0BEBF00E-6F2F-0719-E9FB-41B6CCECFF0B} = {EAC80D00-01D2-3F49-A377-20B7154947F3}
		{5592193D-3300-18EC-CFAD-2300E9BFA2E3} = {3E7FA5AF-27B3-2DE0-883C-12F98E7F4E81}
		{8C8D3F4C-F166-ADD3-9EE8-E7D1B3C5588F} = {89C816A7-DD31-D54C-C69C-5A80E0C49B77}
	EndGlobalSection
EndGlobal
