Microsoft Visual Studio Solution File, Format Version 12.00
# Visual Studio 2012
Project("{2150E333-8FDC-42A3-9474-1A3956D46DE8}") = "(allocator)", "..\..\base\allocator", "{6478B9F3-4858-63F4-35F4-98A303E305F3}"
EndProject
Project("{2150E333-8FDC-42A3-9474-1A3956D46DE8}") = "(base)", "..\..\base", "{9785FB75-982A-5DE3-252D-3F288B9FEF5B}"
EndProject
Project("{2150E333-8FDC-42A3-9474-1A3956D46DE8}") = "(dynamic_annotations)", "..\..\base\third_party\dynamic_annotations", "{EF1E4970-C119-B0D7-F5D6-321C6AE66EDC}"
EndProject
Project("{2150E333-8FDC-42A3-9474-1A3956D46DE8}") = "(icu)", "..\..\third_party\icu", "{2DE59335-96CE-10CA-CDE5-FEC35E3549BB}"
EndProject
Project("{2150E333-8FDC-42A3-9474-1A3956D46DE8}") = "(testing)", "..\..\testing", "{EAC80D00-01D2-3F49-A377-20B7154947F3}"
EndProject
Project("{2150E333-8FDC-42A3-9474-1A3956D46DE8}") = "(third_party)", "..\..\base\third_party", "{3E7FA5AF-27B3-2DE0-883C-12F98E7F4E81}"
EndProject
Project("{2150E333-8FDC-42A3-9474-1A3956D46DE8}") = "(third_party)", "..\..\third_party", "{89C816A7-DD31-D54C-C69C-5A80E0C49B77}"
EndProject
Project("{8BC9CEB8-8B4A-11D0-8D11-00A0C91BC942}") = "allocator", "allocator\allocator.vcxproj", "{6409E4AD-0B70-6CBF-F4F8-9518C6C906C0}"
	ProjectSection(ProjectDependencies) = postProject
		{CE570809-728E-6B92-D208-9B72561B63F0} = {CE570809-728E-6B92-D208-9B72561B63F0}
	EndProjectSection
EndProject
Project("{8BC9CEB8-8B4A-11D0-8D11-00A0C91BC942}") = "allocator_extension_thunks", "allocator\allocator_extension_thunks.vcxproj", "{B67B69F9-17FA-6747-7459-6F9BCAE280FA}"
EndProject
Project("{8BC9CEB8-8B4A-11D0-8D11-00A0C91BC942}") = "allocator_extension_thunks_win64", "allocator\allocator_extension_thunks_win64.vcxproj", "{21382841-3F6F-0D86-911F-C24530DC4EF5}"
EndProject
Project("{8BC9CEB8-8B4A-11D0-8D11-00A0C91BC942}") = "base", "base.vcxproj", "{69B05207-75EA-D61A-6CD3-39545C0FF3B8}"
	ProjectSection(ProjectDependencies) = postProject
		{0BEBF00E-6F2F-0719-E9FB-41B6CCECFF0B} = {0BEBF00E-6F2F-0719-E9FB-41B6CCECFF0B}
	EndProjectSection
EndProject
Project("{8BC9CEB8-8B4A-11D0-8D11-00A0C91BC942}") = "base_i18n", "base_i18n.vcxproj", "{4ED61EF2-C7FB-2A92-1878-22DC5115A629}"
EndProject
Project("{8BC9CEB8-8B4A-11D0-8D11-00A0C91BC942}") = "base_i18n_nacl_win64", "base_i18n_nacl_win64.vcxproj", "{2F4EAE13-303C-6ED5-A9A6-40FB366DBF87}"
EndProject
Project("{8BC9CEB8-8B4A-11D0-8D11-00A0C91BC942}") = "base_nacl_win64", "base_nacl_win64.vcxproj", "{C1AB86AB-D799-3A92-1DC4-108FF5998328}"
EndProject
Project("{8BC9CEB8-8B4A-11D0-8D11-00A0C91BC942}") = "base_prefs", "base_prefs.vcxproj", "{ACACD80D-59C0-7BD4-25BC-927721454296}"
EndProject
Project("{8BC9CEB8-8B4A-11D0-8D11-00A0C91BC942}") = "base_prefs_test_support", "base_prefs_test_support.vcxproj", "{CAC0AC79-EC61-1CFE-C15D-F2829FE05BB0}"
EndProject
Project("{8BC9CEB8-8B4A-11D0-8D11-00A0C91BC942}") = "base_static", "base_static.vcxproj", "{4396B3F2-18E0-E8C2-DFCE-36B1B085777D}"
EndProject
Project("{8BC9CEB8-8B4A-11D0-8D11-00A0C91BC942}") = "base_static_win64", "base_static_win64.vcxproj", "{8904890F-138A-FF7D-03E0-D56EEA2327CA}"
EndProject
Project("{8BC9CEB8-8B4A-11D0-8D11-00A0C91BC942}") = "base_unittests", "base_unittests.vcxproj", "{3FF98B51-3898-74EE-FC47-61E59FC06285}"
	ProjectSection(ProjectDependencies) = postProject
		{69B05207-75EA-D61A-6CD3-39545C0FF3B8} = {69B05207-75EA-D61A-6CD3-39545C0FF3B8}
		{4ED61EF2-C7FB-2A92-1878-22DC5115A629} = {4ED61EF2-C7FB-2A92-1878-22DC5115A629}
		{ACACD80D-59C0-7BD4-25BC-927721454296} = {ACACD80D-59C0-7BD4-25BC-927721454296}
		{CAC0AC79-EC61-1CFE-C15D-F2829FE05BB0} = {CAC0AC79-EC61-1CFE-C15D-F2829FE05BB0}
		{4396B3F2-18E0-E8C2-DFCE-36B1B085777D} = {4396B3F2-18E0-E8C2-DFCE-36B1B085777D}
		{99BCA45D-C5C4-6B39-5813-76E9FB6E61DB} = {99BCA45D-C5C4-6B39-5813-76E9FB6E61DB}
		{6D74E727-048E-D458-5610-2A0F45ED00C3} = {6D74E727-048E-D458-5610-2A0F45ED00C3}
		{5592193D-3300-18EC-CFAD-2300E9BFA2E3} = {5592193D-3300-18EC-CFAD-2300E9BFA2E3}
		{1C9A9458-E09E-5E72-C7C6-5F0B8F97A56F} = {1C9A9458-E09E-5E72-C7C6-5F0B8F97A56F}
		{CA21C226-303F-8472-03F2-CCD138BACDF5} = {CA21C226-303F-8472-03F2-CCD138BACDF5}
		{206D1253-CF12-CE8C-D9E7-54F805F9B890} = {206D1253-CF12-CE8C-D9E7-54F805F9B890}
		{2A16073E-8729-00E1-7547-8A268681AFC9} = {2A16073E-8729-00E1-7547-8A268681AFC9}
		{649BD604-C767-D10A-1C5A-5747C5EE0EF6} = {649BD604-C767-D10A-1C5A-5747C5EE0EF6}
		{6409E4AD-0B70-6CBF-F4F8-9518C6C906C0} = {6409E4AD-0B70-6CBF-F4F8-9518C6C906C0}
		{B67B69F9-17FA-6747-7459-6F9BCAE280FA} = {B67B69F9-17FA-6747-7459-6F9BCAE280FA}
		{0BEBF00E-6F2F-0719-E9FB-41B6CCECFF0B} = {0BEBF00E-6F2F-0719-E9FB-41B6CCECFF0B}
		{8C8D3F4C-F166-ADD3-9EE8-E7D1B3C5588F} = {8C8D3F4C-F166-ADD3-9EE8-E7D1B3C5588F}
		{1F0F74A0-9712-4E82-A8D8-F790C0DA5CF2} = {1F0F74A0-9712-4E82-A8D8-F790C0DA5CF2}
		{3FDE7601-F045-35CC-5756-3050FD722226} = {3FDE7601-F045-35CC-5756-3050FD722226}
		{CE570809-728E-6B92-D208-9B72561B63F0} = {CE570809-728E-6B92-D208-9B72561B63F0}
	EndProjectSection
EndProject
Project("{8BC9CEB8-8B4A-11D0-8D11-00A0C91BC942}") = "base_unittests_run", "base_unittests_run.vcxproj", "{6AF2034E-B970-3635-3A80-C50061466BAA}"
	ProjectSection(ProjectDependencies) = postProject
		{3FF98B51-3898-74EE-FC47-61E59FC06285} = {3FF98B51-3898-74EE-FC47-61E59FC06285}
	EndProjectSection
EndProject
Project("{8BC9CEB8-8B4A-11D0-8D11-00A0C91BC942}") = "check_example", "check_example.vcxproj", "{23DFF63E-A55D-8387-7927-C1B3D87C3E9A}"
	ProjectSection(ProjectDependencies) = postProject
		{69B05207-75EA-D61A-6CD3-39545C0FF3B8} = {69B05207-75EA-D61A-6CD3-39545C0FF3B8}
		{4396B3F2-18E0-E8C2-DFCE-36B1B085777D} = {4396B3F2-18E0-E8C2-DFCE-36B1B085777D}
		{B67B69F9-17FA-6747-7459-6F9BCAE280FA} = {B67B69F9-17FA-6747-7459-6F9BCAE280FA}
		{0BEBF00E-6F2F-0719-E9FB-41B6CCECFF0B} = {0BEBF00E-6F2F-0719-E9FB-41B6CCECFF0B}
		{8C8D3F4C-F166-ADD3-9EE8-E7D1B3C5588F} = {8C8D3F4C-F166-ADD3-9EE8-E7D1B3C5588F}
		{5592193D-3300-18EC-CFAD-2300E9BFA2E3} = {5592193D-3300-18EC-CFAD-2300E9BFA2E3}
	EndProjectSection
EndProject
Project("{8BC9CEB8-8B4A-11D0-8D11-00A0C91BC942}") = "debug_message", "debug_message.vcxproj", "{76F51C1E-8345-F4D0-9B01-A08BEA15B90B}"
EndProject
Project("{8BC9CEB8-8B4A-11D0-8D11-00A0C91BC942}") = "dynamic_annotations", "third_party\dynamic_annotations\dynamic_annotations.vcxproj", "{5592193D-3300-18EC-CFAD-2300E9BFA2E3}"
EndProject
Project("{8BC9CEB8-8B4A-11D0-8D11-00A0C91BC942}") = "dynamic_annotations_win64", "third_party\dynamic_annotations\dynamic_annotations_win64.vcxproj", "{F94394FC-C422-2F6C-0532-34FC2AEE83F1}"
EndProject
Project("{8BC9CEB8-8B4A-11D0-8D11-00A0C91BC942}") = "gmock", "..\testing\gmock.vcxproj", "{1C9A9458-E09E-5E72-C7C6-5F0B8F97A56F}"
EndProject
Project("{8BC9CEB8-8B4A-11D0-8D11-00A0C91BC942}") = "gtest", "..\testing\gtest.vcxproj", "{CA21C226-303F-8472-03F2-CCD138BACDF5}"
	ProjectSection(ProjectDependencies) = postProject
		{0BEBF00E-6F2F-0719-E9FB-41B6CCECFF0B} = {0BEBF00E-6F2F-0719-E9FB-41B6CCECFF0B}
	EndProjectSection
EndProject
Project("{8BC9CEB8-8B4A-11D0-8D11-00A0C91BC942}") = "gtest_prod", "..\testing\gtest_prod.vcxproj", "{0BEBF00E-6F2F-0719-E9FB-41B6CCECFF0B}"
EndProject
Project("{8BC9CEB8-8B4A-11D0-8D11-00A0C91BC942}") = "icudata", "..\third_party\icu\icudata.vcxproj", "{649BD604-C767-D10A-1C5A-5747C5EE0EF6}"
EndProject
Project("{8BC9CEB8-8B4A-11D0-8D11-00A0C91BC942}") = "icui18n", "..\third_party\icu\icui18n.vcxproj", "{206D1253-CF12-CE8C-D9E7-54F805F9B890}"
EndProject
Project("{8BC9CEB8-8B4A-11D0-8D11-00A0C91BC942}") = "icuuc", "..\third_party\icu\icuuc.vcxproj", "{2A16073E-8729-00E1-7547-8A268681AFC9}"
	ProjectSection(ProjectDependencies) = postProject
		{649BD604-C767-D10A-1C5A-5747C5EE0EF6} = {649BD604-C767-D10A-1C5A-5747C5EE0EF6}
	EndProjectSection
EndProject
Project("{8BC9CEB8-8B4A-11D0-8D11-00A0C91BC942}") = "libcmt", "allocator\libcmt.vcxproj", "{CE570809-728E-6B92-D208-9B72561B63F0}"
EndProject
Project("{8BC9CEB8-8B4A-11D0-8D11-00A0C91BC942}") = "libxml", "..\third_party\libxml\libxml.vcxproj", "{1F0F74A0-9712-4E82-A8D8-F790C0DA5CF2}"
EndProject
Project("{8BC9CEB8-8B4A-11D0-8D11-00A0C91BC942}") = "modp_b64", "..\third_party\modp_b64\modp_b64.vcxproj", "{8C8D3F4C-F166-ADD3-9EE8-E7D1B3C5588F}"
EndProject
Project("{8BC9CEB8-8B4A-11D0-8D11-00A0C91BC942}") = "run_all_unittests", "run_all_unittests.vcxproj", "{99BCA45D-C5C4-6B39-5813-76E9FB6E61DB}"
EndProject
Project("{8BC9CEB8-8B4A-11D0-8D11-00A0C91BC942}") = "test_support_base", "test_support_base.vcxproj", "{6D74E727-048E-D458-5610-2A0F45ED00C3}"
EndProject
Project("{8BC9CEB8-8B4A-11D0-8D11-00A0C91BC942}") = "test_support_perf", "test_support_perf.vcxproj", "{CD46026B-EF2B-1064-BF16-A736CA44DD03}"
EndProject
Project("{8BC9CEB8-8B4A-11D0-8D11-00A0C91BC942}") = "zlib", "..\third_party\zlib\zlib.vcxproj", "{3FDE7601-F045-35CC-5756-3050FD722226}"
EndProject
Global
	GlobalSection(SolutionConfigurationPlatforms) = preSolution
		Release|x64 = Release|x64
		Debug|Win32 = Debug|Win32
		Debug|x64 = Debug|x64
		Release|Win32 = Release|Win32
	EndGlobalSection
	GlobalSection(ProjectConfigurationPlatforms) = postSolution
		{0BEBF00E-6F2F-0719-E9FB-41B6CCECFF0B}.Release|x64.ActiveCfg = Release|x64
		{0BEBF00E-6F2F-0719-E9FB-41B6CCECFF0B}.Release|x64.Build.0 = Release|x64
		{0BEBF00E-6F2F-0719-E9FB-41B6CCECFF0B}.Debug|Win32.ActiveCfg = Debug|Win32
		{0BEBF00E-6F2F-0719-E9FB-41B6CCECFF0B}.Debug|Win32.Build.0 = Debug|Win32
		{0BEBF00E-6F2F-0719-E9FB-41B6CCECFF0B}.Debug|x64.ActiveCfg = Debug|x64
		{0BEBF00E-6F2F-0719-E9FB-41B6CCECFF0B}.Debug|x64.Build.0 = Debug|x64
		{0BEBF00E-6F2F-0719-E9FB-41B6CCECFF0B}.Release|Win32.ActiveCfg = Release|Win32
		{0BEBF00E-6F2F-0719-E9FB-41B6CCECFF0B}.Release|Win32.Build.0 = Release|Win32
		{1C9A9458-E09E-5E72-C7C6-5F0B8F97A56F}.Release|x64.ActiveCfg = Release|x64
		{1C9A9458-E09E-5E72-C7C6-5F0B8F97A56F}.Release|x64.Build.0 = Release|x64
		{1C9A9458-E09E-5E72-C7C6-5F0B8F97A56F}.Debug|Win32.ActiveCfg = Debug|Win32
		{1C9A9458-E09E-5E72-C7C6-5F0B8F97A56F}.Debug|Win32.Build.0 = Debug|Win32
		{1C9A9458-E09E-5E72-C7C6-5F0B8F97A56F}.Debug|x64.ActiveCfg = Debug|x64
		{1C9A9458-E09E-5E72-C7C6-5F0B8F97A56F}.Debug|x64.Build.0 = Debug|x64
		{1C9A9458-E09E-5E72-C7C6-5F0B8F97A56F}.Release|Win32.ActiveCfg = Release|Win32
		{1C9A9458-E09E-5E72-C7C6-5F0B8F97A56F}.Release|Win32.Build.0 = Release|Win32
		{1F0F74A0-9712-4E82-A8D8-F790C0DA5CF2}.Release|x64.ActiveCfg = Release|x64
		{1F0F74A0-9712-4E82-A8D8-F790C0DA5CF2}.Release|x64.Build.0 = Release|x64
		{1F0F74A0-9712-4E82-A8D8-F790C0DA5CF2}.Debug|Win32.ActiveCfg = Debug|Win32
		{1F0F74A0-9712-4E82-A8D8-F790C0DA5CF2}.Debug|Win32.Build.0 = Debug|Win32
		{1F0F74A0-9712-4E82-A8D8-F790C0DA5CF2}.Debug|x64.ActiveCfg = Debug|x64
		{1F0F74A0-9712-4E82-A8D8-F790C0DA5CF2}.Debug|x64.Build.0 = Debug|x64
		{1F0F74A0-9712-4E82-A8D8-F790C0DA5CF2}.Release|Win32.ActiveCfg = Release|Win32
		{1F0F74A0-9712-4E82-A8D8-F790C0DA5CF2}.Release|Win32.Build.0 = Release|Win32
		{206D1253-CF12-CE8C-D9E7-54F805F9B890}.Release|x64.ActiveCfg = Release|x64
		{206D1253-CF12-CE8C-D9E7-54F805F9B890}.Release|x64.Build.0 = Release|x64
		{206D1253-CF12-CE8C-D9E7-54F805F9B890}.Debug|Win32.ActiveCfg = Debug|Win32
		{206D1253-CF12-CE8C-D9E7-54F805F9B890}.Debug|Win32.Build.0 = Debug|Win32
		{206D1253-CF12-CE8C-D9E7-54F805F9B890}.Debug|x64.ActiveCfg = Debug|x64
		{206D1253-CF12-CE8C-D9E7-54F805F9B890}.Debug|x64.Build.0 = Debug|x64
		{206D1253-CF12-CE8C-D9E7-54F805F9B890}.Release|Win32.ActiveCfg = Release|Win32
		{206D1253-CF12-CE8C-D9E7-54F805F9B890}.Release|Win32.Build.0 = Release|Win32
		{21382841-3F6F-0D86-911F-C24530DC4EF5}.Release|x64.ActiveCfg = Release|x64
		{21382841-3F6F-0D86-911F-C24530DC4EF5}.Release|x64.Build.0 = Release|x64
		{21382841-3F6F-0D86-911F-C24530DC4EF5}.Debug|Win32.ActiveCfg = Debug|x64
		{21382841-3F6F-0D86-911F-C24530DC4EF5}.Debug|Win32.Build.0 = Debug|x64
		{21382841-3F6F-0D86-911F-C24530DC4EF5}.Debug|x64.ActiveCfg = Debug|x64
		{21382841-3F6F-0D86-911F-C24530DC4EF5}.Debug|x64.Build.0 = Debug|x64
		{21382841-3F6F-0D86-911F-C24530DC4EF5}.Release|Win32.ActiveCfg = Release|x64
		{21382841-3F6F-0D86-911F-C24530DC4EF5}.Release|Win32.Build.0 = Release|x64
		{23DFF63E-A55D-8387-7927-C1B3D87C3E9A}.Release|x64.ActiveCfg = Release|x64
		{23DFF63E-A55D-8387-7927-C1B3D87C3E9A}.Release|x64.Build.0 = Release|x64
		{23DFF63E-A55D-8387-7927-C1B3D87C3E9A}.Debug|Win32.ActiveCfg = Debug|Win32
		{23DFF63E-A55D-8387-7927-C1B3D87C3E9A}.Debug|Win32.Build.0 = Debug|Win32
		{23DFF63E-A55D-8387-7927-C1B3D87C3E9A}.Debug|x64.ActiveCfg = Debug|x64
		{23DFF63E-A55D-8387-7927-C1B3D87C3E9A}.Debug|x64.Build.0 = Debug|x64
		{23DFF63E-A55D-8387-7927-C1B3D87C3E9A}.Release|Win32.ActiveCfg = Release|Win32
		{23DFF63E-A55D-8387-7927-C1B3D87C3E9A}.Release|Win32.Build.0 = Release|Win32
		{2A16073E-8729-00E1-7547-8A268681AFC9}.Release|x64.ActiveCfg = Release|x64
		{2A16073E-8729-00E1-7547-8A268681AFC9}.Release|x64.Build.0 = Release|x64
		{2A16073E-8729-00E1-7547-8A268681AFC9}.Debug|Win32.ActiveCfg = Debug|Win32
		{2A16073E-8729-00E1-7547-8A268681AFC9}.Debug|Win32.Build.0 = Debug|Win32
		{2A16073E-8729-00E1-7547-8A268681AFC9}.Debug|x64.ActiveCfg = Debug|x64
		{2A16073E-8729-00E1-7547-8A268681AFC9}.Debug|x64.Build.0 = Debug|x64
		{2A16073E-8729-00E1-7547-8A268681AFC9}.Release|Win32.ActiveCfg = Release|Win32
		{2A16073E-8729-00E1-7547-8A268681AFC9}.Release|Win32.Build.0 = Release|Win32
		{2F4EAE13-303C-6ED5-A9A6-40FB366DBF87}.Release|x64.ActiveCfg = Release|x64
		{2F4EAE13-303C-6ED5-A9A6-40FB366DBF87}.Release|x64.Build.0 = Release|x64
		{2F4EAE13-303C-6ED5-A9A6-40FB366DBF87}.Debug|Win32.ActiveCfg = Debug|x64
		{2F4EAE13-303C-6ED5-A9A6-40FB366DBF87}.Debug|Win32.Build.0 = Debug|x64
		{2F4EAE13-303C-6ED5-A9A6-40FB366DBF87}.Debug|x64.ActiveCfg = Debug|x64
		{2F4EAE13-303C-6ED5-A9A6-40FB366DBF87}.Debug|x64.Build.0 = Debug|x64
		{2F4EAE13-303C-6ED5-A9A6-40FB366DBF87}.Release|Win32.ActiveCfg = Release|x64
		{2F4EAE13-303C-6ED5-A9A6-40FB366DBF87}.Release|Win32.Build.0 = Release|x64
		{3FDE7601-F045-35CC-5756-3050FD722226}.Release|x64.ActiveCfg = Release|x64
		{3FDE7601-F045-35CC-5756-3050FD722226}.Release|x64.Build.0 = Release|x64
		{3FDE7601-F045-35CC-5756-3050FD722226}.Debug|Win32.ActiveCfg = Debug|Win32
		{3FDE7601-F045-35CC-5756-3050FD722226}.Debug|Win32.Build.0 = Debug|Win32
		{3FDE7601-F045-35CC-5756-3050FD722226}.Debug|x64.ActiveCfg = Debug|x64
		{3FDE7601-F045-35CC-5756-3050FD722226}.Debug|x64.Build.0 = Debug|x64
		{3FDE7601-F045-35CC-5756-3050FD722226}.Release|Win32.ActiveCfg = Release|Win32
		{3FDE7601-F045-35CC-5756-3050FD722226}.Release|Win32.Build.0 = Release|Win32
		{3FF98B51-3898-74EE-FC47-61E59FC06285}.Release|x64.ActiveCfg = Release|x64
		{3FF98B51-3898-74EE-FC47-61E59FC06285}.Release|x64.Build.0 = Release|x64
		{3FF98B51-3898-74EE-FC47-61E59FC06285}.Debug|Win32.ActiveCfg = Debug|Win32
		{3FF98B51-3898-74EE-FC47-61E59FC06285}.Debug|Win32.Build.0 = Debug|Win32
		{3FF98B51-3898-74EE-FC47-61E59FC06285}.Debug|x64.ActiveCfg = Debug|x64
		{3FF98B51-3898-74EE-FC47-61E59FC06285}.Debug|x64.Build.0 = Debug|x64
		{3FF98B51-3898-74EE-FC47-61E59FC06285}.Release|Win32.ActiveCfg = Release|Win32
		{3FF98B51-3898-74EE-FC47-61E59FC06285}.Release|Win32.Build.0 = Release|Win32
		{4396B3F2-18E0-E8C2-DFCE-36B1B085777D}.Release|x64.ActiveCfg = Release|x64
		{4396B3F2-18E0-E8C2-DFCE-36B1B085777D}.Release|x64.Build.0 = Release|x64
		{4396B3F2-18E0-E8C2-DFCE-36B1B085777D}.Debug|Win32.ActiveCfg = Debug|Win32
		{4396B3F2-18E0-E8C2-DFCE-36B1B085777D}.Debug|Win32.Build.0 = Debug|Win32
		{4396B3F2-18E0-E8C2-DFCE-36B1B085777D}.Debug|x64.ActiveCfg = Debug|x64
		{4396B3F2-18E0-E8C2-DFCE-36B1B085777D}.Debug|x64.Build.0 = Debug|x64
		{4396B3F2-18E0-E8C2-DFCE-36B1B085777D}.Release|Win32.ActiveCfg = Release|Win32
		{4396B3F2-18E0-E8C2-DFCE-36B1B085777D}.Release|Win32.Build.0 = Release|Win32
		{4ED61EF2-C7FB-2A92-1878-22DC5115A629}.Release|x64.ActiveCfg = Release|x64
		{4ED61EF2-C7FB-2A92-1878-22DC5115A629}.Release|x64.Build.0 = Release|x64
		{4ED61EF2-C7FB-2A92-1878-22DC5115A629}.Debug|Win32.ActiveCfg = Debug|Win32
		{4ED61EF2-C7FB-2A92-1878-22DC5115A629}.Debug|Win32.Build.0 = Debug|Win32
		{4ED61EF2-C7FB-2A92-1878-22DC5115A629}.Debug|x64.ActiveCfg = Debug|x64
		{4ED61EF2-C7FB-2A92-1878-22DC5115A629}.Debug|x64.Build.0 = Debug|x64
		{4ED61EF2-C7FB-2A92-1878-22DC5115A629}.Release|Win32.ActiveCfg = Release|Win32
		{4ED61EF2-C7FB-2A92-1878-22DC5115A629}.Release|Win32.Build.0 = Release|Win32
		{5592193D-3300-18EC-CFAD-2300E9BFA2E3}.Release|x64.ActiveCfg = Release|x64
		{5592193D-3300-18EC-CFAD-2300E9BFA2E3}.Release|x64.Build.0 = Release|x64
		{5592193D-3300-18EC-CFAD-2300E9BFA2E3}.Debug|Win32.ActiveCfg = Debug|Win32
		{5592193D-3300-18EC-CFAD-2300E9BFA2E3}.Debug|Win32.Build.0 = Debug|Win32
		{5592193D-3300-18EC-CFAD-2300E9BFA2E3}.Debug|x64.ActiveCfg = Debug|x64
		{5592193D-3300-18EC-CFAD-2300E9BFA2E3}.Debug|x64.Build.0 = Debug|x64
		{5592193D-3300-18EC-CFAD-2300E9BFA2E3}.Release|Win32.ActiveCfg = Release|Win32
		{5592193D-3300-18EC-CFAD-2300E9BFA2E3}.Release|Win32.Build.0 = Release|Win32
		{6409E4AD-0B70-6CBF-F4F8-9518C6C906C0}.Release|x64.ActiveCfg = Release|x64
		{6409E4AD-0B70-6CBF-F4F8-9518C6C906C0}.Release|x64.Build.0 = Release|x64
		{6409E4AD-0B70-6CBF-F4F8-9518C6C906C0}.Debug|Win32.ActiveCfg = Debug|Win32
		{6409E4AD-0B70-6CBF-F4F8-9518C6C906C0}.Debug|Win32.Build.0 = Debug|Win32
		{6409E4AD-0B70-6CBF-F4F8-9518C6C906C0}.Debug|x64.ActiveCfg = Debug|x64
		{6409E4AD-0B70-6CBF-F4F8-9518C6C906C0}.Debug|x64.Build.0 = Debug|x64
		{6409E4AD-0B70-6CBF-F4F8-9518C6C906C0}.Release|Win32.ActiveCfg = Release|Win32
		{6409E4AD-0B70-6CBF-F4F8-9518C6C906C0}.Release|Win32.Build.0 = Release|Win32
		{649BD604-C767-D10A-1C5A-5747C5EE0EF6}.Release|x64.ActiveCfg = Release|x64
		{649BD604-C767-D10A-1C5A-5747C5EE0EF6}.Release|x64.Build.0 = Release|x64
		{649BD604-C767-D10A-1C5A-5747C5EE0EF6}.Debug|Win32.ActiveCfg = Debug|Win32
		{649BD604-C767-D10A-1C5A-5747C5EE0EF6}.Debug|Win32.Build.0 = Debug|Win32
		{649BD604-C767-D10A-1C5A-5747C5EE0EF6}.Debug|x64.ActiveCfg = Debug|x64
		{649BD604-C767-D10A-1C5A-5747C5EE0EF6}.Debug|x64.Build.0 = Debug|x64
		{649BD604-C767-D10A-1C5A-5747C5EE0EF6}.Release|Win32.ActiveCfg = Release|Win32
		{649BD604-C767-D10A-1C5A-5747C5EE0EF6}.Release|Win32.Build.0 = Release|Win32
		{69B05207-75EA-D61A-6CD3-39545C0FF3B8}.Release|x64.ActiveCfg = Release|x64
		{69B05207-75EA-D61A-6CD3-39545C0FF3B8}.Release|x64.Build.0 = Release|x64
		{69B05207-75EA-D61A-6CD3-39545C0FF3B8}.Debug|Win32.ActiveCfg = Debug|Win32
		{69B05207-75EA-D61A-6CD3-39545C0FF3B8}.Debug|Win32.Build.0 = Debug|Win32
		{69B05207-75EA-D61A-6CD3-39545C0FF3B8}.Debug|x64.ActiveCfg = Debug|x64
		{69B05207-75EA-D61A-6CD3-39545C0FF3B8}.Debug|x64.Build.0 = Debug|x64
		{69B05207-75EA-D61A-6CD3-39545C0FF3B8}.Release|Win32.ActiveCfg = Release|Win32
		{69B05207-75EA-D61A-6CD3-39545C0FF3B8}.Release|Win32.Build.0 = Release|Win32
		{6AF2034E-B970-3635-3A80-C50061466BAA}.Release|x64.ActiveCfg = Release|x64
		{6AF2034E-B970-3635-3A80-C50061466BAA}.Release|x64.Build.0 = Release|x64
		{6AF2034E-B970-3635-3A80-C50061466BAA}.Debug|Win32.ActiveCfg = Debug|Win32
		{6AF2034E-B970-3635-3A80-C50061466BAA}.Debug|Win32.Build.0 = Debug|Win32
		{6AF2034E-B970-3635-3A80-C50061466BAA}.Debug|x64.ActiveCfg = Debug|x64
		{6AF2034E-B970-3635-3A80-C50061466BAA}.Debug|x64.Build.0 = Debug|x64
		{6AF2034E-B970-3635-3A80-C50061466BAA}.Release|Win32.ActiveCfg = Release|Win32
		{6AF2034E-B970-3635-3A80-C50061466BAA}.Release|Win32.Build.0 = Release|Win32
		{6D74E727-048E-D458-5610-2A0F45ED00C3}.Release|x64.ActiveCfg = Release|x64
		{6D74E727-048E-D458-5610-2A0F45ED00C3}.Release|x64.Build.0 = Release|x64
		{6D74E727-048E-D458-5610-2A0F45ED00C3}.Debug|Win32.ActiveCfg = Debug|Win32
		{6D74E727-048E-D458-5610-2A0F45ED00C3}.Debug|Win32.Build.0 = Debug|Win32
		{6D74E727-048E-D458-5610-2A0F45ED00C3}.Debug|x64.ActiveCfg = Debug|x64
		{6D74E727-048E-D458-5610-2A0F45ED00C3}.Debug|x64.Build.0 = Debug|x64
		{6D74E727-048E-D458-5610-2A0F45ED00C3}.Release|Win32.ActiveCfg = Release|Win32
		{6D74E727-048E-D458-5610-2A0F45ED00C3}.Release|Win32.Build.0 = Release|Win32
		{76F51C1E-8345-F4D0-9B01-A08BEA15B90B}.Release|x64.ActiveCfg = Release|x64
		{76F51C1E-8345-F4D0-9B01-A08BEA15B90B}.Release|x64.Build.0 = Release|x64
		{76F51C1E-8345-F4D0-9B01-A08BEA15B90B}.Debug|Win32.ActiveCfg = Debug|Win32
		{76F51C1E-8345-F4D0-9B01-A08BEA15B90B}.Debug|Win32.Build.0 = Debug|Win32
		{76F51C1E-8345-F4D0-9B01-A08BEA15B90B}.Debug|x64.ActiveCfg = Debug|x64
		{76F51C1E-8345-F4D0-9B01-A08BEA15B90B}.Debug|x64.Build.0 = Debug|x64
		{76F51C1E-8345-F4D0-9B01-A08BEA15B90B}.Release|Win32.ActiveCfg = Release|Win32
		{76F51C1E-8345-F4D0-9B01-A08BEA15B90B}.Release|Win32.Build.0 = Release|Win32
		{8904890F-138A-FF7D-03E0-D56EEA2327CA}.Release|x64.ActiveCfg = Release|x64
		{8904890F-138A-FF7D-03E0-D56EEA2327CA}.Release|x64.Build.0 = Release|x64
		{8904890F-138A-FF7D-03E0-D56EEA2327CA}.Debug|Win32.ActiveCfg = Debug|x64
		{8904890F-138A-FF7D-03E0-D56EEA2327CA}.Debug|Win32.Build.0 = Debug|x64
		{8904890F-138A-FF7D-03E0-D56EEA2327CA}.Debug|x64.ActiveCfg = Debug|x64
		{8904890F-138A-FF7D-03E0-D56EEA2327CA}.Debug|x64.Build.0 = Debug|x64
		{8904890F-138A-FF7D-03E0-D56EEA2327CA}.Release|Win32.ActiveCfg = Release|x64
		{8904890F-138A-FF7D-03E0-D56EEA2327CA}.Release|Win32.Build.0 = Release|x64
		{8C8D3F4C-F166-ADD3-9EE8-E7D1B3C5588F}.Release|x64.ActiveCfg = Release|x64
		{8C8D3F4C-F166-ADD3-9EE8-E7D1B3C5588F}.Release|x64.Build.0 = Release|x64
		{8C8D3F4C-F166-ADD3-9EE8-E7D1B3C5588F}.Debug|Win32.ActiveCfg = Debug|Win32
		{8C8D3F4C-F166-ADD3-9EE8-E7D1B3C5588F}.Debug|Win32.Build.0 = Debug|Win32
		{8C8D3F4C-F166-ADD3-9EE8-E7D1B3C5588F}.Debug|x64.ActiveCfg = Debug|x64
		{8C8D3F4C-F166-ADD3-9EE8-E7D1B3C5588F}.Debug|x64.Build.0 = Debug|x64
		{8C8D3F4C-F166-ADD3-9EE8-E7D1B3C5588F}.Release|Win32.ActiveCfg = Release|Win32
		{8C8D3F4C-F166-ADD3-9EE8-E7D1B3C5588F}.Release|Win32.Build.0 = Release|Win32
		{99BCA45D-C5C4-6B39-5813-76E9FB6E61DB}.Release|x64.ActiveCfg = Release|x64
		{99BCA45D-C5C4-6B39-5813-76E9FB6E61DB}.Release|x64.Build.0 = Release|x64
		{99BCA45D-C5C4-6B39-5813-76E9FB6E61DB}.Debug|Win32.ActiveCfg = Debug|Win32
		{99BCA45D-C5C4-6B39-5813-76E9FB6E61DB}.Debug|Win32.Build.0 = Debug|Win32
		{99BCA45D-C5C4-6B39-5813-76E9FB6E61DB}.Debug|x64.ActiveCfg = Debug|x64
		{99BCA45D-C5C4-6B39-5813-76E9FB6E61DB}.Debug|x64.Build.0 = Debug|x64
		{99BCA45D-C5C4-6B39-5813-76E9FB6E61DB}.Release|Win32.ActiveCfg = Release|Win32
		{99BCA45D-C5C4-6B39-5813-76E9FB6E61DB}.Release|Win32.Build.0 = Release|Win32
		{ACACD80D-59C0-7BD4-25BC-927721454296}.Release|x64.ActiveCfg = Release|x64
		{ACACD80D-59C0-7BD4-25BC-927721454296}.Release|x64.Build.0 = Release|x64
		{ACACD80D-59C0-7BD4-25BC-927721454296}.Debug|Win32.ActiveCfg = Debug|Win32
		{ACACD80D-59C0-7BD4-25BC-927721454296}.Debug|Win32.Build.0 = Debug|Win32
		{ACACD80D-59C0-7BD4-25BC-927721454296}.Debug|x64.ActiveCfg = Debug|x64
		{ACACD80D-59C0-7BD4-25BC-927721454296}.Debug|x64.Build.0 = Debug|x64
		{ACACD80D-59C0-7BD4-25BC-927721454296}.Release|Win32.ActiveCfg = Release|Win32
		{ACACD80D-59C0-7BD4-25BC-927721454296}.Release|Win32.Build.0 = Release|Win32
		{B67B69F9-17FA-6747-7459-6F9BCAE280FA}.Release|x64.ActiveCfg = Release|x64
		{B67B69F9-17FA-6747-7459-6F9BCAE280FA}.Release|x64.Build.0 = Release|x64
		{B67B69F9-17FA-6747-7459-6F9BCAE280FA}.Debug|Win32.ActiveCfg = Debug|Win32
		{B67B69F9-17FA-6747-7459-6F9BCAE280FA}.Debug|Win32.Build.0 = Debug|Win32
		{B67B69F9-17FA-6747-7459-6F9BCAE280FA}.Debug|x64.ActiveCfg = Debug|x64
		{B67B69F9-17FA-6747-7459-6F9BCAE280FA}.Debug|x64.Build.0 = Debug|x64
		{B67B69F9-17FA-6747-7459-6F9BCAE280FA}.Release|Win32.ActiveCfg = Release|Win32
		{B67B69F9-17FA-6747-7459-6F9BCAE280FA}.Release|Win32.Build.0 = Release|Win32
		{C1AB86AB-D799-3A92-1DC4-108FF5998328}.Release|x64.ActiveCfg = Release|x64
		{C1AB86AB-D799-3A92-1DC4-108FF5998328}.Release|x64.Build.0 = Release|x64
		{C1AB86AB-D799-3A92-1DC4-108FF5998328}.Debug|Win32.ActiveCfg = Debug|x64
		{C1AB86AB-D799-3A92-1DC4-108FF5998328}.Debug|Win32.Build.0 = Debug|x64
		{C1AB86AB-D799-3A92-1DC4-108FF5998328}.Debug|x64.ActiveCfg = Debug|x64
		{C1AB86AB-D799-3A92-1DC4-108FF5998328}.Debug|x64.Build.0 = Debug|x64
		{C1AB86AB-D799-3A92-1DC4-108FF5998328}.Release|Win32.ActiveCfg = Release|x64
		{C1AB86AB-D799-3A92-1DC4-108FF5998328}.Release|Win32.Build.0 = Release|x64
		{CA21C226-303F-8472-03F2-CCD138BACDF5}.Release|x64.ActiveCfg = Release|x64
		{CA21C226-303F-8472-03F2-CCD138BACDF5}.Release|x64.Build.0 = Release|x64
		{CA21C226-303F-8472-03F2-CCD138BACDF5}.Debug|Win32.ActiveCfg = Debug|Win32
		{CA21C226-303F-8472-03F2-CCD138BACDF5}.Debug|Win32.Build.0 = Debug|Win32
		{CA21C226-303F-8472-03F2-CCD138BACDF5}.Debug|x64.ActiveCfg = Debug|x64
		{CA21C226-303F-8472-03F2-CCD138BACDF5}.Debug|x64.Build.0 = Debug|x64
		{CA21C226-303F-8472-03F2-CCD138BACDF5}.Release|Win32.ActiveCfg = Release|Win32
		{CA21C226-303F-8472-03F2-CCD138BACDF5}.Release|Win32.Build.0 = Release|Win32
		{CAC0AC79-EC61-1CFE-C15D-F2829FE05BB0}.Release|x64.ActiveCfg = Release|x64
		{CAC0AC79-EC61-1CFE-C15D-F2829FE05BB0}.Release|x64.Build.0 = Release|x64
		{CAC0AC79-EC61-1CFE-C15D-F2829FE05BB0}.Debug|Win32.ActiveCfg = Debug|Win32
		{CAC0AC79-EC61-1CFE-C15D-F2829FE05BB0}.Debug|Win32.Build.0 = Debug|Win32
		{CAC0AC79-EC61-1CFE-C15D-F2829FE05BB0}.Debug|x64.ActiveCfg = Debug|x64
		{CAC0AC79-EC61-1CFE-C15D-F2829FE05BB0}.Debug|x64.Build.0 = Debug|x64
		{CAC0AC79-EC61-1CFE-C15D-F2829FE05BB0}.Release|Win32.ActiveCfg = Release|Win32
		{CAC0AC79-EC61-1CFE-C15D-F2829FE05BB0}.Release|Win32.Build.0 = Release|Win32
		{CD46026B-EF2B-1064-BF16-A736CA44DD03}.Release|x64.ActiveCfg = Release|x64
		{CD46026B-EF2B-1064-BF16-A736CA44DD03}.Release|x64.Build.0 = Release|x64
		{CD46026B-EF2B-1064-BF16-A736CA44DD03}.Debug|Win32.ActiveCfg = Debug|Win32
		{CD46026B-EF2B-1064-BF16-A736CA44DD03}.Debug|Win32.Build.0 = Debug|Win32
		{CD46026B-EF2B-1064-BF16-A736CA44DD03}.Debug|x64.ActiveCfg = Debug|x64
		{CD46026B-EF2B-1064-BF16-A736CA44DD03}.Debug|x64.Build.0 = Debug|x64
		{CD46026B-EF2B-1064-BF16-A736CA44DD03}.Release|Win32.ActiveCfg = Release|Win32
		{CD46026B-EF2B-1064-BF16-A736CA44DD03}.Release|Win32.Build.0 = Release|Win32
		{CE570809-728E-6B92-D208-9B72561B63F0}.Release|x64.ActiveCfg = Release|x64
		{CE570809-728E-6B92-D208-9B72561B63F0}.Release|x64.Build.0 = Release|x64
		{CE570809-728E-6B92-D208-9B72561B63F0}.Debug|Win32.ActiveCfg = Debug|Win32
		{CE570809-728E-6B92-D208-9B72561B63F0}.Debug|Win32.Build.0 = Debug|Win32
		{CE570809-728E-6B92-D208-9B72561B63F0}.Debug|x64.ActiveCfg = Debug|x64
		{CE570809-728E-6B92-D208-9B72561B63F0}.Debug|x64.Build.0 = Debug|x64
		{CE570809-728E-6B92-D208-9B72561B63F0}.Release|Win32.ActiveCfg = Release|Win32
		{CE570809-728E-6B92-D208-9B72561B63F0}.Release|Win32.Build.0 = Release|Win32
		{F94394FC-C422-2F6C-0532-34FC2AEE83F1}.Release|x64.ActiveCfg = Release|x64
		{F94394FC-C422-2F6C-0532-34FC2AEE83F1}.Release|x64.Build.0 = Release|x64
		{F94394FC-C422-2F6C-0532-34FC2AEE83F1}.Debug|Win32.ActiveCfg = Debug|x64
		{F94394FC-C422-2F6C-0532-34FC2AEE83F1}.Debug|Win32.Build.0 = Debug|x64
		{F94394FC-C422-2F6C-0532-34FC2AEE83F1}.Debug|x64.ActiveCfg = Debug|x64
		{F94394FC-C422-2F6C-0532-34FC2AEE83F1}.Debug|x64.Build.0 = Debug|x64
		{F94394FC-C422-2F6C-0532-34FC2AEE83F1}.Release|Win32.ActiveCfg = Release|x64
		{F94394FC-C422-2F6C-0532-34FC2AEE83F1}.Release|Win32.Build.0 = Release|x64
	EndGlobalSection
	GlobalSection(SolutionProperties) = preSolution
		HideSolutionNode = FALSE
	EndGlobalSection
	GlobalSection(NestedProjects) = preSolution
		{6409E4AD-0B70-6CBF-F4F8-9518C6C906C0} = {6478B9F3-4858-63F4-35F4-98A303E305F3}
		{B67B69F9-17FA-6747-7459-6F9BCAE280FA} = {6478B9F3-4858-63F4-35F4-98A303E305F3}
		{21382841-3F6F-0D86-911F-C24530DC4EF5} = {6478B9F3-4858-63F4-35F4-98A303E305F3}
		{CE570809-728E-6B92-D208-9B72561B63F0} = {6478B9F3-4858-63F4-35F4-98A303E305F3}
		{6478B9F3-4858-63F4-35F4-98A303E305F3} = {9785FB75-982A-5DE3-252D-3F288B9FEF5B}
		{3E7FA5AF-27B3-2DE0-883C-12F98E7F4E81} = {9785FB75-982A-5DE3-252D-3F288B9FEF5B}
		{69B05207-75EA-D61A-6CD3-39545C0FF3B8} = {9785FB75-982A-5DE3-252D-3F288B9FEF5B}
		{4ED61EF2-C7FB-2A92-1878-22DC5115A629} = {9785FB75-982A-5DE3-252D-3F288B9FEF5B}
		{2F4EAE13-303C-6ED5-A9A6-40FB366DBF87} = {9785FB75-982A-5DE3-252D-3F288B9FEF5B}
		{C1AB86AB-D799-3A92-1DC4-108FF5998328} = {9785FB75-982A-5DE3-252D-3F288B9FEF5B}
		{ACACD80D-59C0-7BD4-25BC-927721454296} = {9785FB75-982A-5DE3-252D-3F288B9FEF5B}
		{CAC0AC79-EC61-1CFE-C15D-F2829FE05BB0} = {9785FB75-982A-5DE3-252D-3F288B9FEF5B}
		{4396B3F2-18E0-E8C2-DFCE-36B1B085777D} = {9785FB75-982A-5DE3-252D-3F288B9FEF5B}
		{8904890F-138A-FF7D-03E0-D56EEA2327CA} = {9785FB75-982A-5DE3-252D-3F288B9FEF5B}
		{3FF98B51-3898-74EE-FC47-61E59FC06285} = {9785FB75-982A-5DE3-252D-3F288B9FEF5B}
		{6AF2034E-B970-3635-3A80-C50061466BAA} = {9785FB75-982A-5DE3-252D-3F288B9FEF5B}
		{23DFF63E-A55D-8387-7927-C1B3D87C3E9A} = {9785FB75-982A-5DE3-252D-3F288B9FEF5B}
		{76F51C1E-8345-F4D0-9B01-A08BEA15B90B} = {9785FB75-982A-5DE3-252D-3F288B9FEF5B}
		{99BCA45D-C5C4-6B39-5813-76E9FB6E61DB} = {9785FB75-982A-5DE3-252D-3F288B9FEF5B}
		{6D74E727-048E-D458-5610-2A0F45ED00C3} = {9785FB75-982A-5DE3-252D-3F288B9FEF5B}
		{CD46026B-EF2B-1064-BF16-A736CA44DD03} = {9785FB75-982A-5DE3-252D-3F288B9FEF5B}
		{5592193D-3300-18EC-CFAD-2300E9BFA2E3} = {EF1E4970-C119-B0D7-F5D6-321C6AE66EDC}
		{F94394FC-C422-2F6C-0532-34FC2AEE83F1} = {EF1E4970-C119-B0D7-F5D6-321C6AE66EDC}
		{649BD604-C767-D10A-1C5A-5747C5EE0EF6} = {2DE59335-96CE-10CA-CDE5-FEC35E3549BB}
		{206D1253-CF12-CE8C-D9E7-54F805F9B890} = {2DE59335-96CE-10CA-CDE5-FEC35E3549BB}
		{2A16073E-8729-00E1-7547-8A268681AFC9} = {2DE59335-96CE-10CA-CDE5-FEC35E3549BB}
		{1C9A9458-E09E-5E72-C7C6-5F0B8F97A56F} = {EAC80D00-01D2-3F49-A377-20B7154947F3}
		{CA21C226-303F-8472-03F2-CCD138BACDF5} = {EAC80D00-01D2-3F49-A377-20B7154947F3}
		{0BEBF00E-6F2F-0719-E9FB-41B6CCECFF0B} = {EAC80D00-01D2-3F49-A377-20B7154947F3}
		{EF1E4970-C119-B0D7-F5D6-321C6AE66EDC} = {3E7FA5AF-27B3-2DE0-883C-12F98E7F4E81}
		{2DE59335-96CE-10CA-CDE5-FEC35E3549BB} = {89C816A7-DD31-D54C-C69C-5A80E0C49B77}
		{1F0F74A0-9712-4E82-A8D8-F790C0DA5CF2} = {89C816A7-DD31-D54C-C69C-5A80E0C49B77}
		{8C8D3F4C-F166-ADD3-9EE8-E7D1B3C5588F} = {89C816A7-DD31-D54C-C69C-5A80E0C49B77}
		{3FDE7601-F045-35CC-5756-3050FD722226} = {89C816A7-DD31-D54C-C69C-5A80E0C49B77}
	EndGlobalSection
EndGlobal
